
Microsoft Visual Studio Solution File, Format Version 12.00
# Visual Studio Version 17
VisualStudioVersion = 17.2.32630.192
MinimumVisualStudioVersion = 10.0.40219.1
Project("{9A19103F-16F7-4668-BE54-9A1E7A4F7556}") = "R5T.D0057.Construction", "R5T.D0057.Construction\R5T.D0057.Construction.csproj", "{75F08878-959F-4A43-AE6D-16B70893EE5B}"
EndProject
Project("{2150E333-8FDC-42A3-9474-1A3956D46DE8}") = "_Dependencies", "_Dependencies", "{1F723D6C-FD51-4F82-880C-0652F49272CE}"
EndProject
Project("{9A19103F-16F7-4668-BE54-9A1E7A4F7556}") = "R5T.L0004.Extensions", "..\..\R5T.L0004\source\R5T.L0004.Extensions\R5T.L0004.Extensions.csproj", "{563CE301-332F-4ED1-8091-F58FB1FDD8CD}"
EndProject
Project("{9A19103F-16F7-4668-BE54-9A1E7A4F7556}") = "R5T.L0004", "..\..\R5T.L0004\source\R5T.L0004\R5T.L0004.csproj", "{360A3059-4923-45AF-A5D6-F88BA6F71981}"
EndProject
Project("{9A19103F-16F7-4668-BE54-9A1E7A4F7556}") = "R5T.D0057.Base", "R5T.D0057.Base\R5T.D0057.Base.csproj", "{6C6625C2-03AE-45CA-84E4-BD07F53373B2}"
EndProject
Project("{9A19103F-16F7-4668-BE54-9A1E7A4F7556}") = "R5T.Magyar", "..\..\R5T.Magyar\source\R5T.Magyar\R5T.Magyar.csproj", "{D736FD4D-BAD8-49F2-8752-45905C49FBA1}"
EndProject
Project("{9A19103F-16F7-4668-BE54-9A1E7A4F7556}") = "R5T.D0057.Default", "R5T.D0057.Default\R5T.D0057.Default.csproj", "{1EBFC0A7-1CFA-4712-A303-68B56C0ADDFB}"
EndProject
Project("{9A19103F-16F7-4668-BE54-9A1E7A4F7556}") = "R5T.Dacia.Extensions", "..\..\R5T.Dacia.Extensions\source\R5T.Dacia.Extensions\R5T.Dacia.Extensions.csproj", "{6C09AB0B-7876-42E8-9232-1903045EB4E9}"
EndProject
Project("{9A19103F-16F7-4668-BE54-9A1E7A4F7556}") = "R5T.Dacia", "..\..\R5T.Dacia\source\R5T.Dacia\R5T.Dacia.csproj", "{2F849E53-2C8F-4AEE-ADA0-377378297172}"
EndProject
Project("{9A19103F-16F7-4668-BE54-9A1E7A4F7556}") = "R5T.D0057.Suebia", "R5T.D0057.Suebia\R5T.D0057.Suebia.csproj", "{377A5247-CCF3-4352-8983-01BB5CF7FC58}"
EndProject
Project("{9A19103F-16F7-4668-BE54-9A1E7A4F7556}") = "R5T.Suebia.Base", "..\..\R5T.Suebia\source\R5T.Suebia.Base\R5T.Suebia.Base.csproj", "{329008D1-6E44-494F-B3F7-8FEC0D2027DD}"
EndProject
Project("{9A19103F-16F7-4668-BE54-9A1E7A4F7556}") = "R5T.Newport.Extensions", "..\..\R5T.Newport\source\R5T.Newport.Extensions\R5T.Newport.Extensions.csproj", "{D5E08524-4A94-4EFF-A2CB-FBEB19D0BB21}"
EndProject
Project("{9A19103F-16F7-4668-BE54-9A1E7A4F7556}") = "R5T.Newport", "..\..\R5T.Newport\source\R5T.Newport\R5T.Newport.csproj", "{AED4F7F1-0058-4964-9012-C054473E0B94}"
EndProject
Project("{9A19103F-16F7-4668-BE54-9A1E7A4F7556}") = "R5T.T0064", "..\..\R5T.T0064\source\R5T.T0064\R5T.T0064.csproj", "{64B32A7C-8156-4A49-8530-22FAD30D2D2E}"
EndProject
Project("{9A19103F-16F7-4668-BE54-9A1E7A4F7556}") = "R5T.T0039.T002", "..\..\R5T.T0039\source\R5T.T0039.T002\R5T.T0039.T002.csproj", "{D530BD36-E4FE-4BCC-97DE-E3FB5C6118CC}"
EndProject
Project("{9A19103F-16F7-4668-BE54-9A1E7A4F7556}") = "R5T.T0143", "..\..\R5T.T0143\source\R5T.T0143\R5T.T0143.csproj", "{8E1D4AA2-79F7-4612-B8D8-99FC1E9EF5C4}"
EndProject
Project("{9A19103F-16F7-4668-BE54-9A1E7A4F7556}") = "R5T.T0064.T001", "..\..\R5T.T0064\source\R5T.T0064.T001\R5T.T0064.T001.csproj", "{65D60716-3295-4F58-9029-81D12243F69E}"
EndProject
Global
	GlobalSection(SolutionConfigurationPlatforms) = preSolution
		Debug|Any CPU = Debug|Any CPU
		Debug|x64 = Debug|x64
		Debug|x86 = Debug|x86
		Release|Any CPU = Release|Any CPU
		Release|x64 = Release|x64
		Release|x86 = Release|x86
	EndGlobalSection
	GlobalSection(ProjectConfigurationPlatforms) = postSolution
		{75F08878-959F-4A43-AE6D-16B70893EE5B}.Debug|Any CPU.ActiveCfg = Debug|Any CPU
		{75F08878-959F-4A43-AE6D-16B70893EE5B}.Debug|Any CPU.Build.0 = Debug|Any CPU
		{75F08878-959F-4A43-AE6D-16B70893EE5B}.Debug|x64.ActiveCfg = Debug|Any CPU
		{75F08878-959F-4A43-AE6D-16B70893EE5B}.Debug|x64.Build.0 = Debug|Any CPU
		{75F08878-959F-4A43-AE6D-16B70893EE5B}.Debug|x86.ActiveCfg = Debug|Any CPU
		{75F08878-959F-4A43-AE6D-16B70893EE5B}.Debug|x86.Build.0 = Debug|Any CPU
		{75F08878-959F-4A43-AE6D-16B70893EE5B}.Release|Any CPU.ActiveCfg = Release|Any CPU
		{75F08878-959F-4A43-AE6D-16B70893EE5B}.Release|Any CPU.Build.0 = Release|Any CPU
		{75F08878-959F-4A43-AE6D-16B70893EE5B}.Release|x64.ActiveCfg = Release|Any CPU
		{75F08878-959F-4A43-AE6D-16B70893EE5B}.Release|x64.Build.0 = Release|Any CPU
		{75F08878-959F-4A43-AE6D-16B70893EE5B}.Release|x86.ActiveCfg = Release|Any CPU
		{75F08878-959F-4A43-AE6D-16B70893EE5B}.Release|x86.Build.0 = Release|Any CPU
		{563CE301-332F-4ED1-8091-F58FB1FDD8CD}.Debug|Any CPU.ActiveCfg = Debug|Any CPU
		{563CE301-332F-4ED1-8091-F58FB1FDD8CD}.Debug|Any CPU.Build.0 = Debug|Any CPU
		{563CE301-332F-4ED1-8091-F58FB1FDD8CD}.Debug|x64.ActiveCfg = Debug|Any CPU
		{563CE301-332F-4ED1-8091-F58FB1FDD8CD}.Debug|x64.Build.0 = Debug|Any CPU
		{563CE301-332F-4ED1-8091-F58FB1FDD8CD}.Debug|x86.ActiveCfg = Debug|Any CPU
		{563CE301-332F-4ED1-8091-F58FB1FDD8CD}.Debug|x86.Build.0 = Debug|Any CPU
		{563CE301-332F-4ED1-8091-F58FB1FDD8CD}.Release|Any CPU.ActiveCfg = Release|Any CPU
		{563CE301-332F-4ED1-8091-F58FB1FDD8CD}.Release|Any CPU.Build.0 = Release|Any CPU
		{563CE301-332F-4ED1-8091-F58FB1FDD8CD}.Release|x64.ActiveCfg = Release|Any CPU
		{563CE301-332F-4ED1-8091-F58FB1FDD8CD}.Release|x64.Build.0 = Release|Any CPU
		{563CE301-332F-4ED1-8091-F58FB1FDD8CD}.Release|x86.ActiveCfg = Release|Any CPU
		{563CE301-332F-4ED1-8091-F58FB1FDD8CD}.Release|x86.Build.0 = Release|Any CPU
		{360A3059-4923-45AF-A5D6-F88BA6F71981}.Debug|Any CPU.ActiveCfg = Debug|Any CPU
		{360A3059-4923-45AF-A5D6-F88BA6F71981}.Debug|Any CPU.Build.0 = Debug|Any CPU
		{360A3059-4923-45AF-A5D6-F88BA6F71981}.Debug|x64.ActiveCfg = Debug|Any CPU
		{360A3059-4923-45AF-A5D6-F88BA6F71981}.Debug|x64.Build.0 = Debug|Any CPU
		{360A3059-4923-45AF-A5D6-F88BA6F71981}.Debug|x86.ActiveCfg = Debug|Any CPU
		{360A3059-4923-45AF-A5D6-F88BA6F71981}.Debug|x86.Build.0 = Debug|Any CPU
		{360A3059-4923-45AF-A5D6-F88BA6F71981}.Release|Any CPU.ActiveCfg = Release|Any CPU
		{360A3059-4923-45AF-A5D6-F88BA6F71981}.Release|Any CPU.Build.0 = Release|Any CPU
		{360A3059-4923-45AF-A5D6-F88BA6F71981}.Release|x64.ActiveCfg = Release|Any CPU
		{360A3059-4923-45AF-A5D6-F88BA6F71981}.Release|x64.Build.0 = Release|Any CPU
		{360A3059-4923-45AF-A5D6-F88BA6F71981}.Release|x86.ActiveCfg = Release|Any CPU
		{360A3059-4923-45AF-A5D6-F88BA6F71981}.Release|x86.Build.0 = Release|Any CPU
		{6C6625C2-03AE-45CA-84E4-BD07F53373B2}.Debug|Any CPU.ActiveCfg = Debug|Any CPU
		{6C6625C2-03AE-45CA-84E4-BD07F53373B2}.Debug|Any CPU.Build.0 = Debug|Any CPU
		{6C6625C2-03AE-45CA-84E4-BD07F53373B2}.Debug|x64.ActiveCfg = Debug|Any CPU
		{6C6625C2-03AE-45CA-84E4-BD07F53373B2}.Debug|x64.Build.0 = Debug|Any CPU
		{6C6625C2-03AE-45CA-84E4-BD07F53373B2}.Debug|x86.ActiveCfg = Debug|Any CPU
		{6C6625C2-03AE-45CA-84E4-BD07F53373B2}.Debug|x86.Build.0 = Debug|Any CPU
		{6C6625C2-03AE-45CA-84E4-BD07F53373B2}.Release|Any CPU.ActiveCfg = Release|Any CPU
		{6C6625C2-03AE-45CA-84E4-BD07F53373B2}.Release|Any CPU.Build.0 = Release|Any CPU
		{6C6625C2-03AE-45CA-84E4-BD07F53373B2}.Release|x64.ActiveCfg = Release|Any CPU
		{6C6625C2-03AE-45CA-84E4-BD07F53373B2}.Release|x64.Build.0 = Release|Any CPU
		{6C6625C2-03AE-45CA-84E4-BD07F53373B2}.Release|x86.ActiveCfg = Release|Any CPU
		{6C6625C2-03AE-45CA-84E4-BD07F53373B2}.Release|x86.Build.0 = Release|Any CPU
		{D736FD4D-BAD8-49F2-8752-45905C49FBA1}.Debug|Any CPU.ActiveCfg = Debug|Any CPU
		{D736FD4D-BAD8-49F2-8752-45905C49FBA1}.Debug|Any CPU.Build.0 = Debug|Any CPU
		{D736FD4D-BAD8-49F2-8752-45905C49FBA1}.Debug|x64.ActiveCfg = Debug|Any CPU
		{D736FD4D-BAD8-49F2-8752-45905C49FBA1}.Debug|x64.Build.0 = Debug|Any CPU
		{D736FD4D-BAD8-49F2-8752-45905C49FBA1}.Debug|x86.ActiveCfg = Debug|Any CPU
		{D736FD4D-BAD8-49F2-8752-45905C49FBA1}.Debug|x86.Build.0 = Debug|Any CPU
		{D736FD4D-BAD8-49F2-8752-45905C49FBA1}.Release|Any CPU.ActiveCfg = Release|Any CPU
		{D736FD4D-BAD8-49F2-8752-45905C49FBA1}.Release|Any CPU.Build.0 = Release|Any CPU
		{D736FD4D-BAD8-49F2-8752-45905C49FBA1}.Release|x64.ActiveCfg = Release|Any CPU
		{D736FD4D-BAD8-49F2-8752-45905C49FBA1}.Release|x64.Build.0 = Release|Any CPU
		{D736FD4D-BAD8-49F2-8752-45905C49FBA1}.Release|x86.ActiveCfg = Release|Any CPU
		{D736FD4D-BAD8-49F2-8752-45905C49FBA1}.Release|x86.Build.0 = Release|Any CPU
		{1EBFC0A7-1CFA-4712-A303-68B56C0ADDFB}.Debug|Any CPU.ActiveCfg = Debug|Any CPU
		{1EBFC0A7-1CFA-4712-A303-68B56C0ADDFB}.Debug|Any CPU.Build.0 = Debug|Any CPU
		{1EBFC0A7-1CFA-4712-A303-68B56C0ADDFB}.Debug|x64.ActiveCfg = Debug|Any CPU
		{1EBFC0A7-1CFA-4712-A303-68B56C0ADDFB}.Debug|x64.Build.0 = Debug|Any CPU
		{1EBFC0A7-1CFA-4712-A303-68B56C0ADDFB}.Debug|x86.ActiveCfg = Debug|Any CPU
		{1EBFC0A7-1CFA-4712-A303-68B56C0ADDFB}.Debug|x86.Build.0 = Debug|Any CPU
		{1EBFC0A7-1CFA-4712-A303-68B56C0ADDFB}.Release|Any CPU.ActiveCfg = Release|Any CPU
		{1EBFC0A7-1CFA-4712-A303-68B56C0ADDFB}.Release|Any CPU.Build.0 = Release|Any CPU
		{1EBFC0A7-1CFA-4712-A303-68B56C0ADDFB}.Release|x64.ActiveCfg = Release|Any CPU
		{1EBFC0A7-1CFA-4712-A303-68B56C0ADDFB}.Release|x64.Build.0 = Release|Any CPU
		{1EBFC0A7-1CFA-4712-A303-68B56C0ADDFB}.Release|x86.ActiveCfg = Release|Any CPU
		{1EBFC0A7-1CFA-4712-A303-68B56C0ADDFB}.Release|x86.Build.0 = Release|Any CPU
		{6C09AB0B-7876-42E8-9232-1903045EB4E9}.Debug|Any CPU.ActiveCfg = Debug|Any CPU
		{6C09AB0B-7876-42E8-9232-1903045EB4E9}.Debug|Any CPU.Build.0 = Debug|Any CPU
		{6C09AB0B-7876-42E8-9232-1903045EB4E9}.Debug|x64.ActiveCfg = Debug|Any CPU
		{6C09AB0B-7876-42E8-9232-1903045EB4E9}.Debug|x64.Build.0 = Debug|Any CPU
		{6C09AB0B-7876-42E8-9232-1903045EB4E9}.Debug|x86.ActiveCfg = Debug|Any CPU
		{6C09AB0B-7876-42E8-9232-1903045EB4E9}.Debug|x86.Build.0 = Debug|Any CPU
		{6C09AB0B-7876-42E8-9232-1903045EB4E9}.Release|Any CPU.ActiveCfg = Release|Any CPU
		{6C09AB0B-7876-42E8-9232-1903045EB4E9}.Release|Any CPU.Build.0 = Release|Any CPU
		{6C09AB0B-7876-42E8-9232-1903045EB4E9}.Release|x64.ActiveCfg = Release|Any CPU
		{6C09AB0B-7876-42E8-9232-1903045EB4E9}.Release|x64.Build.0 = Release|Any CPU
		{6C09AB0B-7876-42E8-9232-1903045EB4E9}.Release|x86.ActiveCfg = Release|Any CPU
		{6C09AB0B-7876-42E8-9232-1903045EB4E9}.Release|x86.Build.0 = Release|Any CPU
		{2F849E53-2C8F-4AEE-ADA0-377378297172}.Debug|Any CPU.ActiveCfg = Debug|Any CPU
		{2F849E53-2C8F-4AEE-ADA0-377378297172}.Debug|Any CPU.Build.0 = Debug|Any CPU
		{2F849E53-2C8F-4AEE-ADA0-377378297172}.Debug|x64.ActiveCfg = Debug|Any CPU
		{2F849E53-2C8F-4AEE-ADA0-377378297172}.Debug|x64.Build.0 = Debug|Any CPU
		{2F849E53-2C8F-4AEE-ADA0-377378297172}.Debug|x86.ActiveCfg = Debug|Any CPU
		{2F849E53-2C8F-4AEE-ADA0-377378297172}.Debug|x86.Build.0 = Debug|Any CPU
		{2F849E53-2C8F-4AEE-ADA0-377378297172}.Release|Any CPU.ActiveCfg = Release|Any CPU
		{2F849E53-2C8F-4AEE-ADA0-377378297172}.Release|Any CPU.Build.0 = Release|Any CPU
		{2F849E53-2C8F-4AEE-ADA0-377378297172}.Release|x64.ActiveCfg = Release|Any CPU
		{2F849E53-2C8F-4AEE-ADA0-377378297172}.Release|x64.Build.0 = Release|Any CPU
		{2F849E53-2C8F-4AEE-ADA0-377378297172}.Release|x86.ActiveCfg = Release|Any CPU
		{2F849E53-2C8F-4AEE-ADA0-377378297172}.Release|x86.Build.0 = Release|Any CPU
		{377A5247-CCF3-4352-8983-01BB5CF7FC58}.Debug|Any CPU.ActiveCfg = Debug|Any CPU
		{377A5247-CCF3-4352-8983-01BB5CF7FC58}.Debug|Any CPU.Build.0 = Debug|Any CPU
		{377A5247-CCF3-4352-8983-01BB5CF7FC58}.Debug|x64.ActiveCfg = Debug|Any CPU
		{377A5247-CCF3-4352-8983-01BB5CF7FC58}.Debug|x64.Build.0 = Debug|Any CPU
		{377A5247-CCF3-4352-8983-01BB5CF7FC58}.Debug|x86.ActiveCfg = Debug|Any CPU
		{377A5247-CCF3-4352-8983-01BB5CF7FC58}.Debug|x86.Build.0 = Debug|Any CPU
		{377A5247-CCF3-4352-8983-01BB5CF7FC58}.Release|Any CPU.ActiveCfg = Release|Any CPU
		{377A5247-CCF3-4352-8983-01BB5CF7FC58}.Release|Any CPU.Build.0 = Release|Any CPU
		{377A5247-CCF3-4352-8983-01BB5CF7FC58}.Release|x64.ActiveCfg = Release|Any CPU
		{377A5247-CCF3-4352-8983-01BB5CF7FC58}.Release|x64.Build.0 = Release|Any CPU
		{377A5247-CCF3-4352-8983-01BB5CF7FC58}.Release|x86.ActiveCfg = Release|Any CPU
		{377A5247-CCF3-4352-8983-01BB5CF7FC58}.Release|x86.Build.0 = Release|Any CPU
		{329008D1-6E44-494F-B3F7-8FEC0D2027DD}.Debug|Any CPU.ActiveCfg = Debug|Any CPU
		{329008D1-6E44-494F-B3F7-8FEC0D2027DD}.Debug|Any CPU.Build.0 = Debug|Any CPU
		{329008D1-6E44-494F-B3F7-8FEC0D2027DD}.Debug|x64.ActiveCfg = Debug|Any CPU
		{329008D1-6E44-494F-B3F7-8FEC0D2027DD}.Debug|x64.Build.0 = Debug|Any CPU
		{329008D1-6E44-494F-B3F7-8FEC0D2027DD}.Debug|x86.ActiveCfg = Debug|Any CPU
		{329008D1-6E44-494F-B3F7-8FEC0D2027DD}.Debug|x86.Build.0 = Debug|Any CPU
		{329008D1-6E44-494F-B3F7-8FEC0D2027DD}.Release|Any CPU.ActiveCfg = Release|Any CPU
		{329008D1-6E44-494F-B3F7-8FEC0D2027DD}.Release|Any CPU.Build.0 = Release|Any CPU
		{329008D1-6E44-494F-B3F7-8FEC0D2027DD}.Release|x64.ActiveCfg = Release|Any CPU
		{329008D1-6E44-494F-B3F7-8FEC0D2027DD}.Release|x64.Build.0 = Release|Any CPU
		{329008D1-6E44-494F-B3F7-8FEC0D2027DD}.Release|x86.ActiveCfg = Release|Any CPU
		{329008D1-6E44-494F-B3F7-8FEC0D2027DD}.Release|x86.Build.0 = Release|Any CPU
		{D5E08524-4A94-4EFF-A2CB-FBEB19D0BB21}.Debug|Any CPU.ActiveCfg = Debug|Any CPU
		{D5E08524-4A94-4EFF-A2CB-FBEB19D0BB21}.Debug|Any CPU.Build.0 = Debug|Any CPU
		{D5E08524-4A94-4EFF-A2CB-FBEB19D0BB21}.Debug|x64.ActiveCfg = Debug|Any CPU
		{D5E08524-4A94-4EFF-A2CB-FBEB19D0BB21}.Debug|x64.Build.0 = Debug|Any CPU
		{D5E08524-4A94-4EFF-A2CB-FBEB19D0BB21}.Debug|x86.ActiveCfg = Debug|Any CPU
		{D5E08524-4A94-4EFF-A2CB-FBEB19D0BB21}.Debug|x86.Build.0 = Debug|Any CPU
		{D5E08524-4A94-4EFF-A2CB-FBEB19D0BB21}.Release|Any CPU.ActiveCfg = Release|Any CPU
		{D5E08524-4A94-4EFF-A2CB-FBEB19D0BB21}.Release|Any CPU.Build.0 = Release|Any CPU
		{D5E08524-4A94-4EFF-A2CB-FBEB19D0BB21}.Release|x64.ActiveCfg = Release|Any CPU
		{D5E08524-4A94-4EFF-A2CB-FBEB19D0BB21}.Release|x64.Build.0 = Release|Any CPU
		{D5E08524-4A94-4EFF-A2CB-FBEB19D0BB21}.Release|x86.ActiveCfg = Release|Any CPU
		{D5E08524-4A94-4EFF-A2CB-FBEB19D0BB21}.Release|x86.Build.0 = Release|Any CPU
		{AED4F7F1-0058-4964-9012-C054473E0B94}.Debug|Any CPU.ActiveCfg = Debug|Any CPU
		{AED4F7F1-0058-4964-9012-C054473E0B94}.Debug|Any CPU.Build.0 = Debug|Any CPU
		{AED4F7F1-0058-4964-9012-C054473E0B94}.Debug|x64.ActiveCfg = Debug|Any CPU
		{AED4F7F1-0058-4964-9012-C054473E0B94}.Debug|x64.Build.0 = Debug|Any CPU
		{AED4F7F1-0058-4964-9012-C054473E0B94}.Debug|x86.ActiveCfg = Debug|Any CPU
		{AED4F7F1-0058-4964-9012-C054473E0B94}.Debug|x86.Build.0 = Debug|Any CPU
		{AED4F7F1-0058-4964-9012-C054473E0B94}.Release|Any CPU.ActiveCfg = Release|Any CPU
		{AED4F7F1-0058-4964-9012-C054473E0B94}.Release|Any CPU.Build.0 = Release|Any CPU
		{AED4F7F1-0058-4964-9012-C054473E0B94}.Release|x64.ActiveCfg = Release|Any CPU
		{AED4F7F1-0058-4964-9012-C054473E0B94}.Release|x64.Build.0 = Release|Any CPU
		{AED4F7F1-0058-4964-9012-C054473E0B94}.Release|x86.ActiveCfg = Release|Any CPU
		{AED4F7F1-0058-4964-9012-C054473E0B94}.Release|x86.Build.0 = Release|Any CPU
		{64B32A7C-8156-4A49-8530-22FAD30D2D2E}.Debug|Any CPU.ActiveCfg = Debug|Any CPU
		{64B32A7C-8156-4A49-8530-22FAD30D2D2E}.Debug|Any CPU.Build.0 = Debug|Any CPU
		{64B32A7C-8156-4A49-8530-22FAD30D2D2E}.Debug|x64.ActiveCfg = Debug|Any CPU
		{64B32A7C-8156-4A49-8530-22FAD30D2D2E}.Debug|x64.Build.0 = Debug|Any CPU
		{64B32A7C-8156-4A49-8530-22FAD30D2D2E}.Debug|x86.ActiveCfg = Debug|Any CPU
		{64B32A7C-8156-4A49-8530-22FAD30D2D2E}.Debug|x86.Build.0 = Debug|Any CPU
		{64B32A7C-8156-4A49-8530-22FAD30D2D2E}.Release|Any CPU.ActiveCfg = Release|Any CPU
		{64B32A7C-8156-4A49-8530-22FAD30D2D2E}.Release|Any CPU.Build.0 = Release|Any CPU
		{64B32A7C-8156-4A49-8530-22FAD30D2D2E}.Release|x64.ActiveCfg = Release|Any CPU
		{64B32A7C-8156-4A49-8530-22FAD30D2D2E}.Release|x64.Build.0 = Release|Any CPU
		{64B32A7C-8156-4A49-8530-22FAD30D2D2E}.Release|x86.ActiveCfg = Release|Any CPU
		{64B32A7C-8156-4A49-8530-22FAD30D2D2E}.Release|x86.Build.0 = Release|Any CPU
		{D530BD36-E4FE-4BCC-97DE-E3FB5C6118CC}.Debug|Any CPU.ActiveCfg = Debug|Any CPU
		{D530BD36-E4FE-4BCC-97DE-E3FB5C6118CC}.Debug|Any CPU.Build.0 = Debug|Any CPU
		{D530BD36-E4FE-4BCC-97DE-E3FB5C6118CC}.Debug|x64.ActiveCfg = Debug|Any CPU
		{D530BD36-E4FE-4BCC-97DE-E3FB5C6118CC}.Debug|x64.Build.0 = Debug|Any CPU
		{D530BD36-E4FE-4BCC-97DE-E3FB5C6118CC}.Debug|x86.ActiveCfg = Debug|Any CPU
		{D530BD36-E4FE-4BCC-97DE-E3FB5C6118CC}.Debug|x86.Build.0 = Debug|Any CPU
		{D530BD36-E4FE-4BCC-97DE-E3FB5C6118CC}.Release|Any CPU.ActiveCfg = Release|Any CPU
		{D530BD36-E4FE-4BCC-97DE-E3FB5C6118CC}.Release|Any CPU.Build.0 = Release|Any CPU
		{D530BD36-E4FE-4BCC-97DE-E3FB5C6118CC}.Release|x64.ActiveCfg = Release|Any CPU
		{D530BD36-E4FE-4BCC-97DE-E3FB5C6118CC}.Release|x64.Build.0 = Release|Any CPU
		{D530BD36-E4FE-4BCC-97DE-E3FB5C6118CC}.Release|x86.ActiveCfg = Release|Any CPU
		{D530BD36-E4FE-4BCC-97DE-E3FB5C6118CC}.Release|x86.Build.0 = Release|Any CPU
		{8E1D4AA2-79F7-4612-B8D8-99FC1E9EF5C4}.Debug|Any CPU.ActiveCfg = Debug|Any CPU
		{8E1D4AA2-79F7-4612-B8D8-99FC1E9EF5C4}.Debug|Any CPU.Build.0 = Debug|Any CPU
		{8E1D4AA2-79F7-4612-B8D8-99FC1E9EF5C4}.Debug|x64.ActiveCfg = Debug|Any CPU
		{8E1D4AA2-79F7-4612-B8D8-99FC1E9EF5C4}.Debug|x64.Build.0 = Debug|Any CPU
		{8E1D4AA2-79F7-4612-B8D8-99FC1E9EF5C4}.Debug|x86.ActiveCfg = Debug|Any CPU
		{8E1D4AA2-79F7-4612-B8D8-99FC1E9EF5C4}.Debug|x86.Build.0 = Debug|Any CPU
		{8E1D4AA2-79F7-4612-B8D8-99FC1E9EF5C4}.Release|Any CPU.ActiveCfg = Release|Any CPU
		{8E1D4AA2-79F7-4612-B8D8-99FC1E9EF5C4}.Release|Any CPU.Build.0 = Release|Any CPU
		{8E1D4AA2-79F7-4612-B8D8-99FC1E9EF5C4}.Release|x64.ActiveCfg = Release|Any CPU
		{8E1D4AA2-79F7-4612-B8D8-99FC1E9EF5C4}.Release|x64.Build.0 = Release|Any CPU
		{8E1D4AA2-79F7-4612-B8D8-99FC1E9EF5C4}.Release|x86.ActiveCfg = Release|Any CPU
		{8E1D4AA2-79F7-4612-B8D8-99FC1E9EF5C4}.Release|x86.Build.0 = Release|Any CPU
		{65D60716-3295-4F58-9029-81D12243F69E}.Debug|Any CPU.ActiveCfg = Debug|Any CPU
		{65D60716-3295-4F58-9029-81D12243F69E}.Debug|Any CPU.Build.0 = Debug|Any CPU
		{65D60716-3295-4F58-9029-81D12243F69E}.Debug|x64.ActiveCfg = Debug|Any CPU
		{65D60716-3295-4F58-9029-81D12243F69E}.Debug|x64.Build.0 = Debug|Any CPU
		{65D60716-3295-4F58-9029-81D12243F69E}.Debug|x86.ActiveCfg = Debug|Any CPU
		{65D60716-3295-4F58-9029-81D12243F69E}.Debug|x86.Build.0 = Debug|Any CPU
		{65D60716-3295-4F58-9029-81D12243F69E}.Release|Any CPU.ActiveCfg = Release|Any CPU
		{65D60716-3295-4F58-9029-81D12243F69E}.Release|Any CPU.Build.0 = Release|Any CPU
		{65D60716-3295-4F58-9029-81D12243F69E}.Release|x64.ActiveCfg = Release|Any CPU
		{65D60716-3295-4F58-9029-81D12243F69E}.Release|x64.Build.0 = Release|Any CPU
		{65D60716-3295-4F58-9029-81D12243F69E}.Release|x86.ActiveCfg = Release|Any CPU
		{65D60716-3295-4F58-9029-81D12243F69E}.Release|x86.Build.0 = Release|Any CPU
	EndGlobalSection
	GlobalSection(SolutionProperties) = preSolution
		HideSolutionNode = FALSE
	EndGlobalSection
	GlobalSection(NestedProjects) = preSolution
		{563CE301-332F-4ED1-8091-F58FB1FDD8CD} = {1F723D6C-FD51-4F82-880C-0652F49272CE}
		{360A3059-4923-45AF-A5D6-F88BA6F71981} = {1F723D6C-FD51-4F82-880C-0652F49272CE}
		{D736FD4D-BAD8-49F2-8752-45905C49FBA1} = {1F723D6C-FD51-4F82-880C-0652F49272CE}
		{6C09AB0B-7876-42E8-9232-1903045EB4E9} = {1F723D6C-FD51-4F82-880C-0652F49272CE}
		{2F849E53-2C8F-4AEE-ADA0-377378297172} = {1F723D6C-FD51-4F82-880C-0652F49272CE}
		{329008D1-6E44-494F-B3F7-8FEC0D2027DD} = {1F723D6C-FD51-4F82-880C-0652F49272CE}
		{D5E08524-4A94-4EFF-A2CB-FBEB19D0BB21} = {1F723D6C-FD51-4F82-880C-0652F49272CE}
		{AED4F7F1-0058-4964-9012-C054473E0B94} = {1F723D6C-FD51-4F82-880C-0652F49272CE}
		{64B32A7C-8156-4A49-8530-22FAD30D2D2E} = {1F723D6C-FD51-4F82-880C-0652F49272CE}
		{D530BD36-E4FE-4BCC-97DE-E3FB5C6118CC} = {1F723D6C-FD51-4F82-880C-0652F49272CE}
		{8E1D4AA2-79F7-4612-B8D8-99FC1E9EF5C4} = {1F723D6C-FD51-4F82-880C-0652F49272CE}
		{65D60716-3295-4F58-9029-81D12243F69E} = {1F723D6C-FD51-4F82-880C-0652F49272CE}
	EndGlobalSection
	GlobalSection(ExtensibilityGlobals) = postSolution
		SolutionGuid = {CC6F304F-EE50-4A32-869A-18ECC816EDA0}
	EndGlobalSection
EndGlobal
